
Microsoft Visual Studio Solution File, Format Version 12.00
# Visual Studio 15
VisualStudioVersion = 15.0.27004.2009
MinimumVisualStudioVersion = 10.0.40219.1
Project("{FAE04EC0-301F-11D3-BF4B-00C04F79EFBC}") = "Open-Vehicle-App", "Open-Vehicle-App\Open-Vehicle-App.csproj", "{CB83B19F-26BA-4B4B-BEFD-A60BFBD633C5}"
EndProject
Project("{2150E333-8FDC-42A3-9474-1A3956D46DE8}") = "Solution Items", "Solution Items", "{C0812456-A404-4861-9E02-4AC2338B1092}"
EndProject
Project("{FAE04EC0-301F-11D3-BF4B-00C04F79EFBC}") = "Open-Vehicle-LibNet-Demo-Net-Shell", "Open-Vehicle-LibNet-Demo-Net-Shell\Open-Vehicle-LibNet-Demo-Net-Shell.csproj", "{D2682378-9456-45A4-B5F7-56E88A95FFFB}"
EndProject
Project("{FAE04EC0-301F-11D3-BF4B-00C04F79EFBC}") = "Open-Vehicle-LibNet-Demo-Uwp-App", "Open-Vehicle-LibNet-Demo-Uwp-App\Open-Vehicle-LibNet-Demo-Uwp-App.csproj", "{F6954FA7-3388-414C-B9F9-D94E0F27490C}"
EndProject
Project("{9A19103F-16F7-4668-BE54-9A1E7A4F7556}") = "Open-Vehicle-LibNet", "Open-Vehicle-LibNet\Open-Vehicle-LibNet.csproj", "{E0B7D6B6-7F58-4CE8-B638-0DCD84CC00AA}"
EndProject
Project("{FAE04EC0-301F-11D3-BF4B-00C04F79EFBC}") = "Open-Vehicle-Analyser", "Open-Vehicle-Analyser\Open-Vehicle-Analyser.csproj", "{12C776C9-7FE1-4374-9ADF-7D874A156E62}"
EndProject
Global
	GlobalSection(SolutionConfigurationPlatforms) = preSolution
		Debug|Any CPU = Debug|Any CPU
		Debug|ARM = Debug|ARM
		Debug|ARM64 = Debug|ARM64
		Debug|x64 = Debug|x64
		Debug|x86 = Debug|x86
		Release|Any CPU = Release|Any CPU
		Release|ARM = Release|ARM
		Release|ARM64 = Release|ARM64
		Release|x64 = Release|x64
		Release|x86 = Release|x86
	EndGlobalSection
	GlobalSection(ProjectConfigurationPlatforms) = postSolution
		{CB83B19F-26BA-4B4B-BEFD-A60BFBD633C5}.Debug|Any CPU.ActiveCfg = Debug|x86
		{CB83B19F-26BA-4B4B-BEFD-A60BFBD633C5}.Debug|Any CPU.Build.0 = Debug|x86
		{CB83B19F-26BA-4B4B-BEFD-A60BFBD633C5}.Debug|ARM.ActiveCfg = Debug|ARM
		{CB83B19F-26BA-4B4B-BEFD-A60BFBD633C5}.Debug|ARM.Build.0 = Debug|ARM
		{CB83B19F-26BA-4B4B-BEFD-A60BFBD633C5}.Debug|ARM.Deploy.0 = Debug|ARM
		{CB83B19F-26BA-4B4B-BEFD-A60BFBD633C5}.Debug|ARM64.ActiveCfg = Debug|x86
		{CB83B19F-26BA-4B4B-BEFD-A60BFBD633C5}.Debug|x64.ActiveCfg = Debug|x64
		{CB83B19F-26BA-4B4B-BEFD-A60BFBD633C5}.Debug|x64.Build.0 = Debug|x64
		{CB83B19F-26BA-4B4B-BEFD-A60BFBD633C5}.Debug|x64.Deploy.0 = Debug|x64
		{CB83B19F-26BA-4B4B-BEFD-A60BFBD633C5}.Debug|x86.ActiveCfg = Debug|x86
		{CB83B19F-26BA-4B4B-BEFD-A60BFBD633C5}.Debug|x86.Build.0 = Debug|x86
		{CB83B19F-26BA-4B4B-BEFD-A60BFBD633C5}.Debug|x86.Deploy.0 = Debug|x86
		{CB83B19F-26BA-4B4B-BEFD-A60BFBD633C5}.Release|Any CPU.ActiveCfg = Release|x86
		{CB83B19F-26BA-4B4B-BEFD-A60BFBD633C5}.Release|Any CPU.Build.0 = Release|x86
		{CB83B19F-26BA-4B4B-BEFD-A60BFBD633C5}.Release|ARM.ActiveCfg = Release|ARM
		{CB83B19F-26BA-4B4B-BEFD-A60BFBD633C5}.Release|ARM.Build.0 = Release|ARM
		{CB83B19F-26BA-4B4B-BEFD-A60BFBD633C5}.Release|ARM.Deploy.0 = Release|ARM
		{CB83B19F-26BA-4B4B-BEFD-A60BFBD633C5}.Release|ARM64.ActiveCfg = Release|x86
		{CB83B19F-26BA-4B4B-BEFD-A60BFBD633C5}.Release|x64.ActiveCfg = Release|x64
		{CB83B19F-26BA-4B4B-BEFD-A60BFBD633C5}.Release|x64.Build.0 = Release|x64
		{CB83B19F-26BA-4B4B-BEFD-A60BFBD633C5}.Release|x64.Deploy.0 = Release|x64
		{CB83B19F-26BA-4B4B-BEFD-A60BFBD633C5}.Release|x86.ActiveCfg = Release|x86
		{CB83B19F-26BA-4B4B-BEFD-A60BFBD633C5}.Release|x86.Build.0 = Release|x86
		{CB83B19F-26BA-4B4B-BEFD-A60BFBD633C5}.Release|x86.Deploy.0 = Release|x86
		{D2682378-9456-45A4-B5F7-56E88A95FFFB}.Debug|Any CPU.ActiveCfg = Debug|Any CPU
		{D2682378-9456-45A4-B5F7-56E88A95FFFB}.Debug|Any CPU.Build.0 = Debug|Any CPU
		{D2682378-9456-45A4-B5F7-56E88A95FFFB}.Debug|ARM.ActiveCfg = Debug|Any CPU
		{D2682378-9456-45A4-B5F7-56E88A95FFFB}.Debug|ARM.Build.0 = Debug|Any CPU
		{D2682378-9456-45A4-B5F7-56E88A95FFFB}.Debug|ARM64.ActiveCfg = Debug|Any CPU
		{D2682378-9456-45A4-B5F7-56E88A95FFFB}.Debug|ARM64.Build.0 = Debug|Any CPU
		{D2682378-9456-45A4-B5F7-56E88A95FFFB}.Debug|x64.ActiveCfg = Debug|Any CPU
		{D2682378-9456-45A4-B5F7-56E88A95FFFB}.Debug|x64.Build.0 = Debug|Any CPU
		{D2682378-9456-45A4-B5F7-56E88A95FFFB}.Debug|x86.ActiveCfg = Debug|Any CPU
		{D2682378-9456-45A4-B5F7-56E88A95FFFB}.Debug|x86.Build.0 = Debug|Any CPU
		{D2682378-9456-45A4-B5F7-56E88A95FFFB}.Release|Any CPU.ActiveCfg = Release|Any CPU
		{D2682378-9456-45A4-B5F7-56E88A95FFFB}.Release|Any CPU.Build.0 = Release|Any CPU
		{D2682378-9456-45A4-B5F7-56E88A95FFFB}.Release|ARM.ActiveCfg = Release|Any CPU
		{D2682378-9456-45A4-B5F7-56E88A95FFFB}.Release|ARM.Build.0 = Release|Any CPU
		{D2682378-9456-45A4-B5F7-56E88A95FFFB}.Release|ARM64.ActiveCfg = Release|Any CPU
		{D2682378-9456-45A4-B5F7-56E88A95FFFB}.Release|ARM64.Build.0 = Release|Any CPU
		{D2682378-9456-45A4-B5F7-56E88A95FFFB}.Release|x64.ActiveCfg = Release|Any CPU
		{D2682378-9456-45A4-B5F7-56E88A95FFFB}.Release|x64.Build.0 = Release|Any CPU
		{D2682378-9456-45A4-B5F7-56E88A95FFFB}.Release|x86.ActiveCfg = Release|Any CPU
		{D2682378-9456-45A4-B5F7-56E88A95FFFB}.Release|x86.Build.0 = Release|Any CPU
		{F6954FA7-3388-414C-B9F9-D94E0F27490C}.Debug|Any CPU.ActiveCfg = Debug|x86
		{F6954FA7-3388-414C-B9F9-D94E0F27490C}.Debug|ARM.ActiveCfg = Debug|ARM
		{F6954FA7-3388-414C-B9F9-D94E0F27490C}.Debug|ARM.Build.0 = Debug|ARM
		{F6954FA7-3388-414C-B9F9-D94E0F27490C}.Debug|ARM.Deploy.0 = Debug|ARM
		{F6954FA7-3388-414C-B9F9-D94E0F27490C}.Debug|ARM64.ActiveCfg = Debug|x86
		{F6954FA7-3388-414C-B9F9-D94E0F27490C}.Debug|x64.ActiveCfg = Debug|x64
		{F6954FA7-3388-414C-B9F9-D94E0F27490C}.Debug|x64.Build.0 = Debug|x64
		{F6954FA7-3388-414C-B9F9-D94E0F27490C}.Debug|x64.Deploy.0 = Debug|x64
		{F6954FA7-3388-414C-B9F9-D94E0F27490C}.Debug|x86.ActiveCfg = Debug|x86
		{F6954FA7-3388-414C-B9F9-D94E0F27490C}.Debug|x86.Build.0 = Debug|x86
		{F6954FA7-3388-414C-B9F9-D94E0F27490C}.Debug|x86.Deploy.0 = Debug|x86
		{F6954FA7-3388-414C-B9F9-D94E0F27490C}.Release|Any CPU.ActiveCfg = Release|x86
		{F6954FA7-3388-414C-B9F9-D94E0F27490C}.Release|ARM.ActiveCfg = Release|ARM
		{F6954FA7-3388-414C-B9F9-D94E0F27490C}.Release|ARM.Build.0 = Release|ARM
		{F6954FA7-3388-414C-B9F9-D94E0F27490C}.Release|ARM.Deploy.0 = Release|ARM
		{F6954FA7-3388-414C-B9F9-D94E0F27490C}.Release|ARM64.ActiveCfg = Release|x86
		{F6954FA7-3388-414C-B9F9-D94E0F27490C}.Release|x64.ActiveCfg = Release|x64
		{F6954FA7-3388-414C-B9F9-D94E0F27490C}.Release|x64.Build.0 = Release|x64
		{F6954FA7-3388-414C-B9F9-D94E0F27490C}.Release|x64.Deploy.0 = Release|x64
		{F6954FA7-3388-414C-B9F9-D94E0F27490C}.Release|x86.ActiveCfg = Release|x86
		{F6954FA7-3388-414C-B9F9-D94E0F27490C}.Release|x86.Build.0 = Release|x86
		{F6954FA7-3388-414C-B9F9-D94E0F27490C}.Release|x86.Deploy.0 = Release|x86
		{E0B7D6B6-7F58-4CE8-B638-0DCD84CC00AA}.Debug|Any CPU.ActiveCfg = Debug|Any CPU
		{E0B7D6B6-7F58-4CE8-B638-0DCD84CC00AA}.Debug|Any CPU.Build.0 = Debug|Any CPU
		{E0B7D6B6-7F58-4CE8-B638-0DCD84CC00AA}.Debug|ARM.ActiveCfg = Debug|Any CPU
		{E0B7D6B6-7F58-4CE8-B638-0DCD84CC00AA}.Debug|ARM.Build.0 = Debug|Any CPU
		{E0B7D6B6-7F58-4CE8-B638-0DCD84CC00AA}.Debug|ARM64.ActiveCfg = Debug|Any CPU
		{E0B7D6B6-7F58-4CE8-B638-0DCD84CC00AA}.Debug|ARM64.Build.0 = Debug|Any CPU
		{E0B7D6B6-7F58-4CE8-B638-0DCD84CC00AA}.Debug|x64.ActiveCfg = Debug|Any CPU
		{E0B7D6B6-7F58-4CE8-B638-0DCD84CC00AA}.Debug|x64.Build.0 = Debug|Any CPU
		{E0B7D6B6-7F58-4CE8-B638-0DCD84CC00AA}.Debug|x86.ActiveCfg = Debug|Any CPU
		{E0B7D6B6-7F58-4CE8-B638-0DCD84CC00AA}.Debug|x86.Build.0 = Debug|Any CPU
		{E0B7D6B6-7F58-4CE8-B638-0DCD84CC00AA}.Release|Any CPU.ActiveCfg = Release|Any CPU
		{E0B7D6B6-7F58-4CE8-B638-0DCD84CC00AA}.Release|Any CPU.Build.0 = Release|Any CPU
		{E0B7D6B6-7F58-4CE8-B638-0DCD84CC00AA}.Release|ARM.ActiveCfg = Release|Any CPU
		{E0B7D6B6-7F58-4CE8-B638-0DCD84CC00AA}.Release|ARM.Build.0 = Release|Any CPU
		{E0B7D6B6-7F58-4CE8-B638-0DCD84CC00AA}.Release|ARM64.ActiveCfg = Release|Any CPU
		{E0B7D6B6-7F58-4CE8-B638-0DCD84CC00AA}.Release|ARM64.Build.0 = Release|Any CPU
		{E0B7D6B6-7F58-4CE8-B638-0DCD84CC00AA}.Release|x64.ActiveCfg = Release|Any CPU
		{E0B7D6B6-7F58-4CE8-B638-0DCD84CC00AA}.Release|x64.Build.0 = Release|Any CPU
		{E0B7D6B6-7F58-4CE8-B638-0DCD84CC00AA}.Release|x86.ActiveCfg = Release|Any CPU
		{E0B7D6B6-7F58-4CE8-B638-0DCD84CC00AA}.Release|x86.Build.0 = Release|Any CPU
		{12C776C9-7FE1-4374-9ADF-7D874A156E62}.Debug|Any CPU.ActiveCfg = Debug|x86
		{12C776C9-7FE1-4374-9ADF-7D874A156E62}.Debug|ARM.ActiveCfg = Debug|ARM
		{12C776C9-7FE1-4374-9ADF-7D874A156E62}.Debug|ARM.Build.0 = Debug|ARM
		{12C776C9-7FE1-4374-9ADF-7D874A156E62}.Debug|ARM.Deploy.0 = Debug|ARM
		{12C776C9-7FE1-4374-9ADF-7D874A156E62}.Debug|ARM64.ActiveCfg = Debug|ARM64
		{12C776C9-7FE1-4374-9ADF-7D874A156E62}.Debug|ARM64.Build.0 = Debug|ARM64
		{12C776C9-7FE1-4374-9ADF-7D874A156E62}.Debug|ARM64.Deploy.0 = Debug|ARM64
		{12C776C9-7FE1-4374-9ADF-7D874A156E62}.Debug|x64.ActiveCfg = Debug|x64
		{12C776C9-7FE1-4374-9ADF-7D874A156E62}.Debug|x64.Build.0 = Debug|x64
		{12C776C9-7FE1-4374-9ADF-7D874A156E62}.Debug|x64.Deploy.0 = Debug|x64
		{12C776C9-7FE1-4374-9ADF-7D874A156E62}.Debug|x86.ActiveCfg = Debug|x86
		{12C776C9-7FE1-4374-9ADF-7D874A156E62}.Debug|x86.Build.0 = Debug|x86
		{12C776C9-7FE1-4374-9ADF-7D874A156E62}.Debug|x86.Deploy.0 = Debug|x86
		{12C776C9-7FE1-4374-9ADF-7D874A156E62}.Release|Any CPU.ActiveCfg = Release|x86
		{12C776C9-7FE1-4374-9ADF-7D874A156E62}.Release|ARM.ActiveCfg = Release|ARM
		{12C776C9-7FE1-4374-9ADF-7D874A156E62}.Release|ARM.Build.0 = Release|ARM
		{12C776C9-7FE1-4374-9ADF-7D874A156E62}.Release|ARM.Deploy.0 = Release|ARM
		{12C776C9-7FE1-4374-9ADF-7D874A156E62}.Release|ARM64.ActiveCfg = Release|ARM64
		{12C776C9-7FE1-4374-9ADF-7D874A156E62}.Release|ARM64.Build.0 = Release|ARM64
		{12C776C9-7FE1-4374-9ADF-7D874A156E62}.Release|ARM64.Deploy.0 = Release|ARM64
		{12C776C9-7FE1-4374-9ADF-7D874A156E62}.Release|x64.ActiveCfg = Release|x64
		{12C776C9-7FE1-4374-9ADF-7D874A156E62}.Release|x64.Build.0 = Release|x64
		{12C776C9-7FE1-4374-9ADF-7D874A156E62}.Release|x64.Deploy.0 = Release|x64
		{12C776C9-7FE1-4374-9ADF-7D874A156E62}.Release|x86.ActiveCfg = Release|x86
		{12C776C9-7FE1-4374-9ADF-7D874A156E62}.Release|x86.Build.0 = Release|x86
		{12C776C9-7FE1-4374-9ADF-7D874A156E62}.Release|x86.Deploy.0 = Release|x86
	EndGlobalSection
	GlobalSection(SolutionProperties) = preSolution
		HideSolutionNode = FALSE
	EndGlobalSection
	GlobalSection(ExtensibilityGlobals) = postSolution
		SolutionGuid = {BBF17264-EC30-4A27-9D91-F8E0E1A95670}
	EndGlobalSection
EndGlobal
